
Microsoft Visual Studio Solution File, Format Version 12.00
# Visual Studio Version 16
VisualStudioVersion = 16.6.30114.105
MinimumVisualStudioVersion = 10.0.40219.1
Project("{FAE04EC0-301F-11D3-BF4B-00C04F79EFBC}") = "hello.net", "webapp\hello.net.csproj", "{2056A713-D4A7-48AD-B7F3-D07618340225}"
EndProject
Project("{FAE04EC0-301F-11D3-BF4B-00C04F79EFBC}") = "hello.net.Tests", "Tests\hello.net.Tests.csproj", "{2C610F12-FF81-4027-A0D5-3788937C994B}"
EndProject
Global
	GlobalSection(SolutionConfigurationPlatforms) = preSolution
		Debug|Any CPU = Debug|Any CPU
		Debug|x64 = Debug|x64
		Debug|x86 = Debug|x86
		Release|Any CPU = Release|Any CPU
		Release|x64 = Release|x64
		Release|x86 = Release|x86
	EndGlobalSection
	GlobalSection(SolutionProperties) = preSolution
		HideSolutionNode = FALSE
	EndGlobalSection
	GlobalSection(ProjectConfigurationPlatforms) = postSolution
		{2056A713-D4A7-48AD-B7F3-D07618340225}.Debug|Any CPU.ActiveCfg = Debug|Any CPU
		{2056A713-D4A7-48AD-B7F3-D07618340225}.Debug|Any CPU.Build.0 = Debug|Any CPU
		{2056A713-D4A7-48AD-B7F3-D07618340225}.Debug|x64.ActiveCfg = Debug|Any CPU
		{2056A713-D4A7-48AD-B7F3-D07618340225}.Debug|x64.Build.0 = Debug|Any CPU
		{2056A713-D4A7-48AD-B7F3-D07618340225}.Debug|x86.ActiveCfg = Debug|Any CPU
		{2056A713-D4A7-48AD-B7F3-D07618340225}.Debug|x86.Build.0 = Debug|Any CPU
		{2056A713-D4A7-48AD-B7F3-D07618340225}.Release|Any CPU.ActiveCfg = Release|Any CPU
		{2056A713-D4A7-48AD-B7F3-D07618340225}.Release|Any CPU.Build.0 = Release|Any CPU
		{2056A713-D4A7-48AD-B7F3-D07618340225}.Release|x64.ActiveCfg = Release|Any CPU
		{2056A713-D4A7-48AD-B7F3-D07618340225}.Release|x64.Build.0 = Release|Any CPU
		{2056A713-D4A7-48AD-B7F3-D07618340225}.Release|x86.ActiveCfg = Release|Any CPU
		{2056A713-D4A7-48AD-B7F3-D07618340225}.Release|x86.Build.0 = Release|Any CPU
		{2C610F12-FF81-4027-A0D5-3788937C994B}.Debug|Any CPU.ActiveCfg = Debug|Any CPU
		{2C610F12-FF81-4027-A0D5-3788937C994B}.Debug|Any CPU.Build.0 = Debug|Any CPU
		{2C610F12-FF81-4027-A0D5-3788937C994B}.Debug|x64.ActiveCfg = Debug|Any CPU
		{2C610F12-FF81-4027-A0D5-3788937C994B}.Debug|x64.Build.0 = Debug|Any CPU
		{2C610F12-FF81-4027-A0D5-3788937C994B}.Debug|x86.ActiveCfg = Debug|Any CPU
		{2C610F12-FF81-4027-A0D5-3788937C994B}.Debug|x86.Build.0 = Debug|Any CPU
		{2C610F12-FF81-4027-A0D5-3788937C994B}.Release|Any CPU.ActiveCfg = Release|Any CPU
		{2C610F12-FF81-4027-A0D5-3788937C994B}.Release|Any CPU.Build.0 = Release|Any CPU
		{2C610F12-FF81-4027-A0D5-3788937C994B}.Release|x64.ActiveCfg = Release|Any CPU
		{2C610F12-FF81-4027-A0D5-3788937C994B}.Release|x64.Build.0 = Release|Any CPU
		{2C610F12-FF81-4027-A0D5-3788937C994B}.Release|x86.ActiveCfg = Release|Any CPU
		{2C610F12-FF81-4027-A0D5-3788937C994B}.Release|x86.Build.0 = Release|Any CPU
	EndGlobalSection
EndGlobal
